github.com/acarl005/stripansi v0.0.0-20180116102854-5a71ef0e047d h1:licZJFw2RwpHMqeKTCYkitsPqHNxTmd4SNR5r94FGM8=
github.com/acarl005/stripansi v0.0.0-20180116102854-5a71ef0e047d/go.mod h1:asat636LX7Bqt5lYEZ27JNDcqxfjdBQuJ/MM4CN/Lzo=
github.com/coreos/go-semver v0.3.0 h1:wkHLiw0WNATZnSG7epLsujiMCgPAc9xhjJ4tgnAxmfM=
github.com/coreos/go-semver v0.3.0/go.mod h1:nnelYz7RCh+5ahJtPPxZlU+153eP4D4r3EedlOD2RNk=
github.com/davecgh/go-spew v1.1.0 h1:ZDRjVQ15GmhC3fiQ8ni8+OwkZQO4DARzQgrnXU1Liz8=
github.com/davecgh/go-spew v1.1.0/go.mod h1:J7Y8YcW2NihsgmVo/mv3lAwl/skON4iLHjSsI+c5H38=
github.com/docopt/docopt-go v0.0.0-20180111231733-ee0de3bc6815 h1:bWDMxwH3px2JBh6AyO7hdCn/PkvCZXii8TGj7sbtEbQ=
github.com/docopt/docopt-go v0.0.0-20180111231733-ee0de3bc6815/go.mod h1:WwZ+bS3ebgob9U8Nd0kOddGdZWjyMGR8Wziv+TBNwSE=
github.com/kovetskiy/lorg v0.0.0-20200107130803-9a7136a95634 h1:szpgh20EtHoQhJ38jrp7S2nlrhf56GSwa4de0hMfc2U=
github.com/kovetskiy/lorg v0.0.0-20200107130803-9a7136a95634/go.mod h1:B8HeKAukXULNzWWsW5k/SQyDkiQZPn7lTBJDB46MZ9I=
github.com/kovetskiy/stash v0.0.0-20200229133957-c1e3b4e4a342 h1:B5rGDZMEyn0VkTAGDIFkKW9VVrv5duNP/B6csw6ZFq4=
github.com/kovetskiy/stash v0.0.0-20200229133957-c1e3b4e4a342/go.mod h1:rvEpFH3Rhz9PDYLllInkrL/5gmD3MZIqsff32ca7hRc=
github.com/pmezard/go-difflib v1.0.0 h1:4DBwDE0NGyQoBHbLQYPwSUPoCMWR5BEzIk/f1lZbAQM=
github.com/pmezard/go-difflib v1.0.0/go.mod h1:iKH77koFhYxTK1pcRnkKkqfTogsbg7gZNVY4sRDYZ/4=
github.com/reconquest/callbackwriter-go v0.0.0-20160818100920-951e238f72da h1:xBUNZBPFlY8zFDh5RKYjDmTZIR3N4f0o5ca0uiGxIJM=
github.com/reconquest/callbackwriter-go v0.0.0-20160818100920-951e238f72da/go.mod h1:/3bq4ExKQqS6ePDFGWVTGxRjjjxsTbq82ECn6SGjrck=
github.com/reconquest/cog v0.0.0-20191208202052-266c2467b936 h1:jSaVCkKLAGc8VWBRVKk0Ffxrv/NKD1ixkOyjwPWrPd4=
github.com/reconquest/cog v0.0.0-20191208202052-266c2467b936/go.mod h1:IYiTfZ8/UKTz5svWOy+2ri5NuS+pJ3ynXMg8V0IHkXU=
github.com/reconquest/colorgful v0.0.0-20190805091748-28d18b838c4a h1:LGyNu9LpBpJ+puxKBLuB8L+YTBgW8xLmiBqbTKuniec=
github.com/reconquest/colorgful v0.0.0-20190805091748-28d18b838c4a/go.mod h1:S7SVqgAB8m04PAsywFMzl2UfDPGfBGRqpk3wWZG2y70=
github.com/reconquest/executil-go v0.0.0-20181110204642-1f5c2d67813f h1:z1ngdCBGkIqhguiSVsn7VI/PLzGnC6r1JClA4iv+5hA=
github.com/reconquest/executil-go v0.0.0-20181110204642-1f5c2d67813f/go.mod h1:63UJzHtKBhZ2qo6JzQFn8wOG8bNXextZyVOjlXUE+9I=
github.com/reconquest/karma-go v0.0.0-20200225150538-5e903a7b8526 h1:yL7a2j28ML0uJyLZBUE+Gi1tlkCnVFeFmnK3uu8MIOg=
github.com/reconquest/karma-go v0.0.0-20200225150538-5e903a7b8526/go.mod h1:oTXKs9J7KQ1gCpnvSwCbH9vlvELZFfUSbEbrr2ABeo0=
github.com/reconquest/lexec-go v0.0.0-20200223130808-7bb9dd1fa68e h1:/rbciS/M5mhBPX5+db85qLs3uiip4AK69waApNIHKck=
github.com/reconquest/lexec-go v0.0.0-20200223130808-7bb9dd1fa68e/go.mod h1:dvTh1eTEb2Ve7iUpKXtPU+PuvB7cOoG+nza2sj0/Vk8=
github.com/reconquest/lineflushwriter-go v0.0.0-20160818100951-086cd7d2a087 h1:C77bp2sVwaP9lN/JOdX4J+/fOzIcfG83gzOJV4cF62Y=
github.com/reconquest/lineflushwriter-go v0.0.0-20160818100951-086cd7d2a087/go.mod h1:tpO+vNC9ppBvJErZXrQpfwiVDuza5k1nRWH7SrutKtY=
github.com/reconquest/loreley v0.0.0-20190408221007-9e95b93c818f h1:N8s7WFwKdWQhzTd6VD4vrX+azBEmIDKEVVHDaEMQv9c=
github.com/reconquest/loreley v0.0.0-20190408221007-9e95b93c818f/go.mod h1:1NF/j951kWm+ZnRXpOkBqweImgwhlzFVwTA4A0V7TEU=
github.com/reconquest/nopio-go v0.0.0-20161213101805-20796acb207f h1:IA86P8l4xRMNbd021H3fGgdIT/B5D/bvdT0xsMqOC/c=
github.com/reconquest/nopio-go v0.0.0-20161213101805-20796acb207f/go.mod h1:xyNcU6XK6bQpR3pVBIHFPi4Xh6NV/FBKnWkYV8lwv1k=
github.com/reconquest/pkg v0.0.0-20200226094950-b0371912242c h1:9x45vr/UAR9e51NHMbLRdeR1821PIaNIXl3JH2TDofo=
github.com/reconquest/pkg v0.0.0-20200226094950-b0371912242c/go.mod h1:Nqi0AJehtACFbTsZoQYCPPF20kTR78IhkL09CeUUGbU=
github.com/stretchr/objx v0.1.0/go.mod h1:HFkY916IF+rwdDfMAkV7OtwuqBVzrE8GR6GFx+wExME=
github.com/stretchr/testify v1.5.1 h1:nOGnQDM7FYENwehXlg/kFVnos3rEvtKTjRvOWSzb6H4=
github.com/stretchr/testify v1.5.1/go.mod h1:5W2xD1RspED5o8YsWQXVCued0rvSQ+mT+I5cxcmMvtA=
github.com/zazab/zhash v0.0.0-20170403032415-ad45b89afe7a h1:8gf6DUwu6F8Fh3rN8Ei9TM66KkWrNC04FP3HlcbxPuQ=
github.com/zazab/zhash v0.0.0-20170403032415-ad45b89afe7a/go.mod h1:P+yVThXQrjx7yGmgsdI4WQ/XDDmcyBMZzK1b39TXteA=
golang.org/x/crypto v0.0.0-20190308221718-c2843e01d9a2/go.mod h1:djNgcEr1/C05ACkg1iLfiJU5Ep61QUkGW8qpdssI0+w=
golang.org/x/crypto v0.0.0-20200302210943-78000ba7a073 h1:xMPOj6Pz6UipU1wXLkrtqpHbR0AVFnyPEQq/wRWz9lM=
golang.org/x/crypto v0.0.0-20200302210943-78000ba7a073/go.mod h1:LzIPMQfyMNhhGPhUkYOs5KpL4U8rLKemX1yGLhDgUto=
golang.org/x/net v0.0.0-20190404232315-eb5bcb51f2a3/go.mod h1:t9HGtf8HONx5eT2rtn7q6eTqICYqUVnKs3thJo3Qplg=
golang.org/x/sys v0.0.0-20190215142949-d0b11bdaac8a/go.mod h1:STP8DvDyc/dI5b8T5hshtkjS+E42TnysNCUPdjciGhY=
golang.org/x/sys v0.0.0-20190412213103-97732733099d h1:+R4KGOnez64A81RvjARKc4UT5/tI9ujCIVX+P5KiHuI=
golang.org/x/sys v0.0.0-20190412213103-97732733099d/go.mod h1:h1NjWce9XRLGQEsW7wpKNCjG9DtNlClVuFLEZdDNbEs=
golang.org/x/text v0.3.0/go.mod h1:NqM8EUOU14njkJ3fqMW+pc6Ldnwhi/IjpwHt7yyuwOQ=
gopkg.in/check.v1 v0.0.0-20161208181325-20d25e280405/go.mod h1:Co6ibVJAznAaIkqp8huTwlJQCZ016jof/cbN4VW5Yz0=
gopkg.in/yaml.v2 v2.2.2 h1:ZCJp+EgiOT7lHqUV2J862kp8Qj64Jo6az82+3Td9dZw=
gopkg.in/yaml.v2 v2.2.2/go.mod h1:hI93XBmqTisBFMUTm0b8Fm+jr3Dg1NNxqwp+5A1VGuI=
